{
  "name": "aoc2022",
  "version": "1.0.0",
  "lockfileVersion": 3,
  "requires": true,
  "packages": {
    "": {
      "name": "aoc2022",
      "version": "1.0.0",
      "license": "ISC",
      "dependencies": {
        "@types/node": "^18.15.2",
        "fs": "^0.0.1-security",
        "typescript": "^4.9.3"
      }
    },
    "node_modules/@types/node": {
      "version": "18.15.2",
      "resolved": "https://registry.npmjs.org/@types/node/-/node-18.15.2.tgz",
      "integrity": "sha512-sDPHm2wfx2QhrMDK0pOt2J4KLJMAcerqWNvnED0itPRJWvI+bK+uNHzcH1dFsBlf7G3u8tqXmRF3wkvL9yUwMw=="
    },
    "node_modules/fs": {
      "version": "0.0.1-security",
      "resolved": "https://registry.npmjs.org/fs/-/fs-0.0.1-security.tgz",
      "integrity": "sha512-3XY9e1pP0CVEUCdj5BmfIZxRBTSDycnbqhIOGec9QYtmVH2fbLpj86CFWkrNOkt/Fvty4KZG5lTglL9j/gJ87w=="
    },
    "node_modules/typescript": {
      "version": "4.9.3",
      "resolved": "https://registry.npmjs.org/typescript/-/typescript-4.9.3.tgz",
      "integrity": "sha512-CIfGzTelbKNEnLpLdGFgdyKhG23CKdKgQPOBc+OUNrkJ2vr+KSzsSV5kq5iWhEQbok+quxgGzrAtGWCyU7tHnA==",
      "bin": {
        "tsc": "bin/tsc",
        "tsserver": "bin/tsserver"
      },
      "engines": {
        "node": ">=4.2.0"
      }
    }
  }
}
